// !$*UTF8*$!
{
	archiveVersion = 1;
	classes = {
	};
	objectVersion = 50;
	objects = {

/* Begin PBXBuildFile section */
		A678E248AA823C40049C6D47 /* Pods_BFDRestaurant.framework in Frameworks */ = {isa = PBXBuildFile; fileRef = 8A1516E7C9BABFB69B0474CA /* Pods_BFDRestaurant.framework */; };
		B6DE1119211EDA7A0037C203 /* AppDelegate.swift in Sources */ = {isa = PBXBuildFile; fileRef = B6DE1118211EDA7A0037C203 /* AppDelegate.swift */; };
		B6DE111B211EDA7A0037C203 /* ViewController.swift in Sources */ = {isa = PBXBuildFile; fileRef = B6DE111A211EDA7A0037C203 /* ViewController.swift */; };
		B6DE111E211EDA7A0037C203 /* Main.storyboard in Resources */ = {isa = PBXBuildFile; fileRef = B6DE111C211EDA7A0037C203 /* Main.storyboard */; };
		B6DE1121211EDA7A0037C203 /* BFDRestaurant.xcdatamodeld in Sources */ = {isa = PBXBuildFile; fileRef = B6DE111F211EDA7A0037C203 /* BFDRestaurant.xcdatamodeld */; };
		B6DE1123211EDA7B0037C203 /* Assets.xcassets in Resources */ = {isa = PBXBuildFile; fileRef = B6DE1122211EDA7B0037C203 /* Assets.xcassets */; };
		B6DE1126211EDA7B0037C203 /* LaunchScreen.storyboard in Resources */ = {isa = PBXBuildFile; fileRef = B6DE1124211EDA7B0037C203 /* LaunchScreen.storyboard */; };
		B6DE1131211EDA7B0037C203 /* BFDRestaurantTests.swift in Sources */ = {isa = PBXBuildFile; fileRef = B6DE1130211EDA7B0037C203 /* BFDRestaurantTests.swift */; };
		B6DE113C211EDAFB0037C203 /* GoogleService-Info.plist in Resources */ = {isa = PBXBuildFile; fileRef = B6DE113B211EDAFB0037C203 /* GoogleService-Info.plist */; };
		B6DE113F211EDD2A0037C203 /* Item.swift in Sources */ = {isa = PBXBuildFile; fileRef = B6DE113E211EDD2A0037C203 /* Item.swift */; };
		B6DE1142211EDDFF0037C203 /* BlackTeaItem.swift in Sources */ = {isa = PBXBuildFile; fileRef = B6DE1141211EDDFF0037C203 /* BlackTeaItem.swift */; };
		B6DE1144211EDE4D0037C203 /* GreenTeaItem.swift in Sources */ = {isa = PBXBuildFile; fileRef = B6DE1143211EDE4D0037C203 /* GreenTeaItem.swift */; };
		B6DE1146211EDE940037C203 /* Pasta.swift in Sources */ = {isa = PBXBuildFile; fileRef = B6DE1145211EDE940037C203 /* Pasta.swift */; };
		B6DE1148211EDED00037C203 /* Order.swift in Sources */ = {isa = PBXBuildFile; fileRef = B6DE1147211EDED00037C203 /* Order.swift */; };
		E80807FCA710D8B4C3E0B67F /* Pods_BFDRestaurantTests.framework in Frameworks */ = {isa = PBXBuildFile; fileRef = 0A7D4003E5D52EC1CEB2A714 /* Pods_BFDRestaurantTests.framework */; };
/* End PBXBuildFile section */

/* Begin PBXContainerItemProxy section */
		B6DE112D211EDA7B0037C203 /* PBXContainerItemProxy */ = {
			isa = PBXContainerItemProxy;
			containerPortal = B6DE110D211EDA7A0037C203 /* Project object */;
			proxyType = 1;
			remoteGlobalIDString = B6DE1114211EDA7A0037C203;
			remoteInfo = BFDRestaurant;
		};
/* End PBXContainerItemProxy section */

/* Begin PBXFileReference section */
		0A7D4003E5D52EC1CEB2A714 /* Pods_BFDRestaurantTests.framework */ = {isa = PBXFileReference; explicitFileType = wrapper.framework; includeInIndex = 0; path = Pods_BFDRestaurantTests.framework; sourceTree = BUILT_PRODUCTS_DIR; };
		256DDCEF1EFAC133E9543596 /* Pods-BFDRestaurantTests.release.xcconfig */ = {isa = PBXFileReference; includeInIndex = 1; lastKnownFileType = text.xcconfig; name = "Pods-BFDRestaurantTests.release.xcconfig"; path = "Pods/Target Support Files/Pods-BFDRestaurantTests/Pods-BFDRestaurantTests.release.xcconfig"; sourceTree = "<group>"; };
		3A4003511B1CB25573826EF5 /* Pods-BFDRestaurant.debug.xcconfig */ = {isa = PBXFileReference; includeInIndex = 1; lastKnownFileType = text.xcconfig; name = "Pods-BFDRestaurant.debug.xcconfig"; path = "Pods/Target Support Files/Pods-BFDRestaurant/Pods-BFDRestaurant.debug.xcconfig"; sourceTree = "<group>"; };
		8A1516E7C9BABFB69B0474CA /* Pods_BFDRestaurant.framework */ = {isa = PBXFileReference; explicitFileType = wrapper.framework; includeInIndex = 0; path = Pods_BFDRestaurant.framework; sourceTree = BUILT_PRODUCTS_DIR; };
		AE83BBBD7A70DA3FF04FAD57 /* Pods-BFDRestaurantTests.debug.xcconfig */ = {isa = PBXFileReference; includeInIndex = 1; lastKnownFileType = text.xcconfig; name = "Pods-BFDRestaurantTests.debug.xcconfig"; path = "Pods/Target Support Files/Pods-BFDRestaurantTests/Pods-BFDRestaurantTests.debug.xcconfig"; sourceTree = "<group>"; };
		B6DE1115211EDA7A0037C203 /* BFDRestaurant.app */ = {isa = PBXFileReference; explicitFileType = wrapper.application; includeInIndex = 0; path = BFDRestaurant.app; sourceTree = BUILT_PRODUCTS_DIR; };
		B6DE1118211EDA7A0037C203 /* AppDelegate.swift */ = {isa = PBXFileReference; lastKnownFileType = sourcecode.swift; path = AppDelegate.swift; sourceTree = "<group>"; };
		B6DE111A211EDA7A0037C203 /* ViewController.swift */ = {isa = PBXFileReference; lastKnownFileType = sourcecode.swift; path = ViewController.swift; sourceTree = "<group>"; };
		B6DE111D211EDA7A0037C203 /* Base */ = {isa = PBXFileReference; lastKnownFileType = file.storyboard; name = Base; path = Base.lproj/Main.storyboard; sourceTree = "<group>"; };
		B6DE1120211EDA7A0037C203 /* BFDRestaurant.xcdatamodel */ = {isa = PBXFileReference; lastKnownFileType = wrapper.xcdatamodel; path = BFDRestaurant.xcdatamodel; sourceTree = "<group>"; };
		B6DE1122211EDA7B0037C203 /* Assets.xcassets */ = {isa = PBXFileReference; lastKnownFileType = folder.assetcatalog; path = Assets.xcassets; sourceTree = "<group>"; };
		B6DE1125211EDA7B0037C203 /* Base */ = {isa = PBXFileReference; lastKnownFileType = file.storyboard; name = Base; path = Base.lproj/LaunchScreen.storyboard; sourceTree = "<group>"; };
		B6DE1127211EDA7B0037C203 /* Info.plist */ = {isa = PBXFileReference; lastKnownFileType = text.plist.xml; path = Info.plist; sourceTree = "<group>"; };
		B6DE112C211EDA7B0037C203 /* BFDRestaurantTests.xctest */ = {isa = PBXFileReference; explicitFileType = wrapper.cfbundle; includeInIndex = 0; path = BFDRestaurantTests.xctest; sourceTree = BUILT_PRODUCTS_DIR; };
		B6DE1130211EDA7B0037C203 /* BFDRestaurantTests.swift */ = {isa = PBXFileReference; lastKnownFileType = sourcecode.swift; path = BFDRestaurantTests.swift; sourceTree = "<group>"; };
		B6DE1132211EDA7B0037C203 /* Info.plist */ = {isa = PBXFileReference; lastKnownFileType = text.plist.xml; path = Info.plist; sourceTree = "<group>"; };
		B6DE113B211EDAFB0037C203 /* GoogleService-Info.plist */ = {isa = PBXFileReference; fileEncoding = 4; lastKnownFileType = text.plist.xml; path = "GoogleService-Info.plist"; sourceTree = SOURCE_ROOT; };
		B6DE113E211EDD2A0037C203 /* Item.swift */ = {isa = PBXFileReference; lastKnownFileType = sourcecode.swift; path = Item.swift; sourceTree = "<group>"; };
		B6DE1141211EDDFF0037C203 /* BlackTeaItem.swift */ = {isa = PBXFileReference; lastKnownFileType = sourcecode.swift; path = BlackTeaItem.swift; sourceTree = "<group>"; };
		B6DE1143211EDE4D0037C203 /* GreenTeaItem.swift */ = {isa = PBXFileReference; lastKnownFileType = sourcecode.swift; path = GreenTeaItem.swift; sourceTree = "<group>"; };
		B6DE1145211EDE940037C203 /* Pasta.swift */ = {isa = PBXFileReference; lastKnownFileType = sourcecode.swift; path = Pasta.swift; sourceTree = "<group>"; };
		B6DE1147211EDED00037C203 /* Order.swift */ = {isa = PBXFileReference; lastKnownFileType = sourcecode.swift; path = Order.swift; sourceTree = "<group>"; };
		BE960FB5A5C2033900636A0D /* Pods-BFDRestaurant.release.xcconfig */ = {isa = PBXFileReference; includeInIndex = 1; lastKnownFileType = text.xcconfig; name = "Pods-BFDRestaurant.release.xcconfig"; path = "Pods/Target Support Files/Pods-BFDRestaurant/Pods-BFDRestaurant.release.xcconfig"; sourceTree = "<group>"; };
/* End PBXFileReference section */

/* Begin PBXFrameworksBuildPhase section */
		B6DE1112211EDA7A0037C203 /* Frameworks */ = {
			isa = PBXFrameworksBuildPhase;
			buildActionMask = 2147483647;
			files = (
				A678E248AA823C40049C6D47 /* Pods_BFDRestaurant.framework in Frameworks */,
			);
			runOnlyForDeploymentPostprocessing = 0;
		};
		B6DE1129211EDA7B0037C203 /* Frameworks */ = {
			isa = PBXFrameworksBuildPhase;
			buildActionMask = 2147483647;
			files = (
				E80807FCA710D8B4C3E0B67F /* Pods_BFDRestaurantTests.framework in Frameworks */,
			);
			runOnlyForDeploymentPostprocessing = 0;
		};
/* End PBXFrameworksBuildPhase section */

/* Begin PBXGroup section */
		23AC71854F8CF42C61F94857 /* Frameworks */ = {
			isa = PBXGroup;
			children = (
				8A1516E7C9BABFB69B0474CA /* Pods_BFDRestaurant.framework */,
				0A7D4003E5D52EC1CEB2A714 /* Pods_BFDRestaurantTests.framework */,
			);
			name = Frameworks;
			sourceTree = "<group>";
		};
		B6DE110C211EDA7A0037C203 = {
			isa = PBXGroup;
			children = (
				B6DE1117211EDA7A0037C203 /* BFDRestaurant */,
				B6DE112F211EDA7B0037C203 /* BFDRestaurantTests */,
				B6DE1116211EDA7A0037C203 /* Products */,
				D18FC473930883858C8A525F /* Pods */,
				23AC71854F8CF42C61F94857 /* Frameworks */,
			);
			sourceTree = "<group>";
		};
		B6DE1116211EDA7A0037C203 /* Products */ = {
			isa = PBXGroup;
			children = (
				B6DE1115211EDA7A0037C203 /* BFDRestaurant.app */,
				B6DE112C211EDA7B0037C203 /* BFDRestaurantTests.xctest */,
			);
			name = Products;
			sourceTree = "<group>";
		};
		B6DE1117211EDA7A0037C203 /* BFDRestaurant */ = {
			isa = PBXGroup;
			children = (
				B6DE113D211EDD060037C203 /* Model */,
				B6DE1118211EDA7A0037C203 /* AppDelegate.swift */,
				B6DE111A211EDA7A0037C203 /* ViewController.swift */,
				B6DE111C211EDA7A0037C203 /* Main.storyboard */,
				B6DE1122211EDA7B0037C203 /* Assets.xcassets */,
				B6DE1124211EDA7B0037C203 /* LaunchScreen.storyboard */,
				B6DE1127211EDA7B0037C203 /* Info.plist */,
				B6DE113B211EDAFB0037C203 /* GoogleService-Info.plist */,
				B6DE111F211EDA7A0037C203 /* BFDRestaurant.xcdatamodeld */,
			);
			path = BFDRestaurant;
			sourceTree = "<group>";
		};
		B6DE112F211EDA7B0037C203 /* BFDRestaurantTests */ = {
			isa = PBXGroup;
			children = (
				B6DE1130211EDA7B0037C203 /* BFDRestaurantTests.swift */,
				B6DE1132211EDA7B0037C203 /* Info.plist */,
			);
			path = BFDRestaurantTests;
			sourceTree = "<group>";
		};
		B6DE113D211EDD060037C203 /* Model */ = {
			isa = PBXGroup;
			children = (
				B6DE1140211EDDE90037C203 /* Items */,
				B6DE113E211EDD2A0037C203 /* Item.swift */,
				B6DE1147211EDED00037C203 /* Order.swift */,
			);
			path = Model;
			sourceTree = "<group>";
		};
		B6DE1140211EDDE90037C203 /* Items */ = {
			isa = PBXGroup;
			children = (
				B6DE1141211EDDFF0037C203 /* BlackTeaItem.swift */,
				B6DE1143211EDE4D0037C203 /* GreenTeaItem.swift */,
				B6DE1145211EDE940037C203 /* Pasta.swift */,
			);
			path = Items;
			sourceTree = "<group>";
		};
		D18FC473930883858C8A525F /* Pods */ = {
			isa = PBXGroup;
			children = (
				3A4003511B1CB25573826EF5 /* Pods-BFDRestaurant.debug.xcconfig */,
				BE960FB5A5C2033900636A0D /* Pods-BFDRestaurant.release.xcconfig */,
				AE83BBBD7A70DA3FF04FAD57 /* Pods-BFDRestaurantTests.debug.xcconfig */,
				256DDCEF1EFAC133E9543596 /* Pods-BFDRestaurantTests.release.xcconfig */,
			);
			name = Pods;
			sourceTree = "<group>";
		};
/* End PBXGroup section */

/* Begin PBXNativeTarget section */
		B6DE1114211EDA7A0037C203 /* BFDRestaurant */ = {
			isa = PBXNativeTarget;
			buildConfigurationList = B6DE1135211EDA7B0037C203 /* Build configuration list for PBXNativeTarget "BFDRestaurant" */;
			buildPhases = (
				FBA0FC3258054E5C3D769E06 /* [CP] Check Pods Manifest.lock */,
				B6DE1111211EDA7A0037C203 /* Sources */,
				B6DE1112211EDA7A0037C203 /* Frameworks */,
				B6DE1113211EDA7A0037C203 /* Resources */,
				DF3FD0BBA4161F46AD55E12B /* [CP] Embed Pods Frameworks */,
			);
			buildRules = (
			);
			dependencies = (
			);
			name = BFDRestaurant;
			productName = BFDRestaurant;
			productReference = B6DE1115211EDA7A0037C203 /* BFDRestaurant.app */;
			productType = "com.apple.product-type.application";
		};
		B6DE112B211EDA7B0037C203 /* BFDRestaurantTests */ = {
			isa = PBXNativeTarget;
			buildConfigurationList = B6DE1138211EDA7B0037C203 /* Build configuration list for PBXNativeTarget "BFDRestaurantTests" */;
			buildPhases = (
				253E7CA32F4BD60FBF9EB56C /* [CP] Check Pods Manifest.lock */,
				B6DE1128211EDA7B0037C203 /* Sources */,
				B6DE1129211EDA7B0037C203 /* Frameworks */,
				B6DE112A211EDA7B0037C203 /* Resources */,
			);
			buildRules = (
			);
			dependencies = (
				B6DE112E211EDA7B0037C203 /* PBXTargetDependency */,
			);
			name = BFDRestaurantTests;
			productName = BFDRestaurantTests;
			productReference = B6DE112C211EDA7B0037C203 /* BFDRestaurantTests.xctest */;
			productType = "com.apple.product-type.bundle.unit-test";
		};
/* End PBXNativeTarget section */

/* Begin PBXProject section */
		B6DE110D211EDA7A0037C203 /* Project object */ = {
			isa = PBXProject;
			attributes = {
				LastSwiftUpdateCheck = 1000;
				LastUpgradeCheck = 1000;
				ORGANIZATIONNAME = Finn;
				TargetAttributes = {
					B6DE1114211EDA7A0037C203 = {
						CreatedOnToolsVersion = 10.0;
					};
					B6DE112B211EDA7B0037C203 = {
						CreatedOnToolsVersion = 10.0;
						TestTargetID = B6DE1114211EDA7A0037C203;
					};
				};
			};
			buildConfigurationList = B6DE1110211EDA7A0037C203 /* Build configuration list for PBXProject "BFDRestaurant" */;
			compatibilityVersion = "Xcode 9.3";
			developmentRegion = en;
			hasScannedForEncodings = 0;
			knownRegions = (
				en,
				Base,
			);
			mainGroup = B6DE110C211EDA7A0037C203;
			productRefGroup = B6DE1116211EDA7A0037C203 /* Products */;
			projectDirPath = "";
			projectRoot = "";
			targets = (
				B6DE1114211EDA7A0037C203 /* BFDRestaurant */,
				B6DE112B211EDA7B0037C203 /* BFDRestaurantTests */,
			);
		};
/* End PBXProject section */

/* Begin PBXResourcesBuildPhase section */
		B6DE1113211EDA7A0037C203 /* Resources */ = {
			isa = PBXResourcesBuildPhase;
			buildActionMask = 2147483647;
			files = (
				B6DE1126211EDA7B0037C203 /* LaunchScreen.storyboard in Resources */,
				B6DE113C211EDAFB0037C203 /* GoogleService-Info.plist in Resources */,
				B6DE1123211EDA7B0037C203 /* Assets.xcassets in Resources */,
				B6DE111E211EDA7A0037C203 /* Main.storyboard in Resources */,
			);
			runOnlyForDeploymentPostprocessing = 0;
		};
		B6DE112A211EDA7B0037C203 /* Resources */ = {
			isa = PBXResourcesBuildPhase;
			buildActionMask = 2147483647;
			files = (
			);
			runOnlyForDeploymentPostprocessing = 0;
		};
/* End PBXResourcesBuildPhase section */

/* Begin PBXShellScriptBuildPhase section */
		253E7CA32F4BD60FBF9EB56C /* [CP] Check Pods Manifest.lock */ = {
			isa = PBXShellScriptBuildPhase;
			buildActionMask = 2147483647;
			files = (
			);
			inputPaths = (
				"${PODS_PODFILE_DIR_PATH}/Podfile.lock",
				"${PODS_ROOT}/Manifest.lock",
			);
			name = "[CP] Check Pods Manifest.lock";
			outputPaths = (
				"$(DERIVED_FILE_DIR)/Pods-BFDRestaurantTests-checkManifestLockResult.txt",
			);
			runOnlyForDeploymentPostprocessing = 0;
			shellPath = /bin/sh;
			shellScript = "diff \"${PODS_PODFILE_DIR_PATH}/Podfile.lock\" \"${PODS_ROOT}/Manifest.lock\" > /dev/null\nif [ $? != 0 ] ; then\n    # print error to STDERR\n    echo \"error: The sandbox is not in sync with the Podfile.lock. Run 'pod install' or update your CocoaPods installation.\" >&2\n    exit 1\nfi\n# This output is used by Xcode 'outputs' to avoid re-running this script phase.\necho \"SUCCESS\" > \"${SCRIPT_OUTPUT_FILE_0}\"\n";
			showEnvVarsInLog = 0;
		};
		DF3FD0BBA4161F46AD55E12B /* [CP] Embed Pods Frameworks */ = {
			isa = PBXShellScriptBuildPhase;
			buildActionMask = 2147483647;
			files = (
			);
			inputPaths = (
				"${SRCROOT}/Pods/Target Support Files/Pods-BFDRestaurant/Pods-BFDRestaurant-frameworks.sh",
				"${BUILT_PRODUCTS_DIR}/GoogleToolboxForMac/GoogleToolboxForMac.framework",
				"${BUILT_PRODUCTS_DIR}/nanopb/nanopb.framework",
			);
			name = "[CP] Embed Pods Frameworks";
			outputPaths = (
				"${TARGET_BUILD_DIR}/${FRAMEWORKS_FOLDER_PATH}/GoogleToolboxForMac.framework",
				"${TARGET_BUILD_DIR}/${FRAMEWORKS_FOLDER_PATH}/nanopb.framework",
			);
			runOnlyForDeploymentPostprocessing = 0;
			shellPath = /bin/sh;
			shellScript = "\"${SRCROOT}/Pods/Target Support Files/Pods-BFDRestaurant/Pods-BFDRestaurant-frameworks.sh\"\n";
			showEnvVarsInLog = 0;
		};
		FBA0FC3258054E5C3D769E06 /* [CP] Check Pods Manifest.lock */ = {
			isa = PBXShellScriptBuildPhase;
			buildActionMask = 2147483647;
			files = (
			);
			inputPaths = (
				"${PODS_PODFILE_DIR_PATH}/Podfile.lock",
				"${PODS_ROOT}/Manifest.lock",
			);
			name = "[CP] Check Pods Manifest.lock";
			outputPaths = (
				"$(DERIVED_FILE_DIR)/Pods-BFDRestaurant-checkManifestLockResult.txt",
			);
			runOnlyForDeploymentPostprocessing = 0;
			shellPath = /bin/sh;
			shellScript = "diff \"${PODS_PODFILE_DIR_PATH}/Podfile.lock\" \"${PODS_ROOT}/Manifest.lock\" > /dev/null\nif [ $? != 0 ] ; then\n    # print error to STDERR\n    echo \"error: The sandbox is not in sync with the Podfile.lock. Run 'pod install' or update your CocoaPods installation.\" >&2\n    exit 1\nfi\n# This output is used by Xcode 'outputs' to avoid re-running this script phase.\necho \"SUCCESS\" > \"${SCRIPT_OUTPUT_FILE_0}\"\n";
			showEnvVarsInLog = 0;
		};
/* End PBXShellScriptBuildPhase section */

/* Begin PBXSourcesBuildPhase section */
		B6DE1111211EDA7A0037C203 /* Sources */ = {
			isa = PBXSourcesBuildPhase;
			buildActionMask = 2147483647;
			files = (
				B6DE113F211EDD2A0037C203 /* Item.swift in Sources */,
				B6DE111B211EDA7A0037C203 /* ViewController.swift in Sources */,
				B6DE1148211EDED00037C203 /* Order.swift in Sources */,
				B6DE1146211EDE940037C203 /* Pasta.swift in Sources */,
				B6DE1142211EDDFF0037C203 /* BlackTeaItem.swift in Sources */,
				B6DE1121211EDA7A0037C203 /* BFDRestaurant.xcdatamodeld in Sources */,
				B6DE1144211EDE4D0037C203 /* GreenTeaItem.swift in Sources */,
				B6DE1119211EDA7A0037C203 /* AppDelegate.swift in Sources */,
			);
			runOnlyForDeploymentPostprocessing = 0;
		};
		B6DE1128211EDA7B0037C203 /* Sources */ = {
			isa = PBXSourcesBuildPhase;
			buildActionMask = 2147483647;
			files = (
				B6DE1131211EDA7B0037C203 /* BFDRestaurantTests.swift in Sources */,
			);
			runOnlyForDeploymentPostprocessing = 0;
		};
/* End PBXSourcesBuildPhase section */

/* Begin PBXTargetDependency section */
		B6DE112E211EDA7B0037C203 /* PBXTargetDependency */ = {
			isa = PBXTargetDependency;
			target = B6DE1114211EDA7A0037C203 /* BFDRestaurant */;
			targetProxy = B6DE112D211EDA7B0037C203 /* PBXContainerItemProxy */;
		};
/* End PBXTargetDependency section */

/* Begin PBXVariantGroup section */
		B6DE111C211EDA7A0037C203 /* Main.storyboard */ = {
			isa = PBXVariantGroup;
			children = (
				B6DE111D211EDA7A0037C203 /* Base */,
			);
			name = Main.storyboard;
			sourceTree = "<group>";
		};
		B6DE1124211EDA7B0037C203 /* LaunchScreen.storyboard */ = {
			isa = PBXVariantGroup;
			children = (
				B6DE1125211EDA7B0037C203 /* Base */,
			);
			name = LaunchScreen.storyboard;
			sourceTree = "<group>";
		};
/* End PBXVariantGroup section */

/* Begin XCBuildConfiguration section */
		B6DE1133211EDA7B0037C203 /* Debug */ = {
			isa = XCBuildConfiguration;
			buildSettings = {
				ALWAYS_SEARCH_USER_PATHS = NO;
				CLANG_ANALYZER_NONNULL = YES;
				CLANG_ANALYZER_NUMBER_OBJECT_CONVERSION = YES_AGGRESSIVE;
				CLANG_CXX_LANGUAGE_STANDARD = "gnu++14";
				CLANG_CXX_LIBRARY = "libc++";
				CLANG_ENABLE_MODULES = YES;
				CLANG_ENABLE_OBJC_ARC = YES;
				CLANG_ENABLE_OBJC_WEAK = YES;
				CLANG_WARN_BLOCK_CAPTURE_AUTORELEASING = YES;
				CLANG_WARN_BOOL_CONVERSION = YES;
				CLANG_WARN_COMMA = YES;
				CLANG_WARN_CONSTANT_CONVERSION = YES;
				CLANG_WARN_DEPRECATED_OBJC_IMPLEMENTATIONS = YES;
				CLANG_WARN_DIRECT_OBJC_ISA_USAGE = YES_ERROR;
				CLANG_WARN_DOCUMENTATION_COMMENTS = YES;
				CLANG_WARN_EMPTY_BODY = YES;
				CLANG_WARN_ENUM_CONVERSION = YES;
				CLANG_WARN_INFINITE_RECURSION = YES;
				CLANG_WARN_INT_CONVERSION = YES;
				CLANG_WARN_NON_LITERAL_NULL_CONVERSION = YES;
				CLANG_WARN_OBJC_IMPLICIT_RETAIN_SELF = YES;
				CLANG_WARN_OBJC_LITERAL_CONVERSION = YES;
				CLANG_WARN_OBJC_ROOT_CLASS = YES_ERROR;
				CLANG_WARN_RANGE_LOOP_ANALYSIS = YES;
				CLANG_WARN_STRICT_PROTOTYPES = YES;
				CLANG_WARN_SUSPICIOUS_MOVE = YES;
				CLANG_WARN_UNGUARDED_AVAILABILITY = YES_AGGRESSIVE;
				CLANG_WARN_UNREACHABLE_CODE = YES;
				CLANG_WARN__DUPLICATE_METHOD_MATCH = YES;
				CODE_SIGN_IDENTITY = "iPhone Developer";
				COPY_PHASE_STRIP = NO;
				DEBUG_INFORMATION_FORMAT = dwarf;
				ENABLE_STRICT_OBJC_MSGSEND = YES;
				ENABLE_TESTABILITY = YES;
				GCC_C_LANGUAGE_STANDARD = gnu11;
				GCC_DYNAMIC_NO_PIC = NO;
				GCC_NO_COMMON_BLOCKS = YES;
				GCC_OPTIMIZATION_LEVEL = 0;
				GCC_PREPROCESSOR_DEFINITIONS = (
					"DEBUG=1",
					"$(inherited)",
				);
				GCC_WARN_64_TO_32_BIT_CONVERSION = YES;
				GCC_WARN_ABOUT_RETURN_TYPE = YES_ERROR;
				GCC_WARN_UNDECLARED_SELECTOR = YES;
				GCC_WARN_UNINITIALIZED_AUTOS = YES_AGGRESSIVE;
				GCC_WARN_UNUSED_FUNCTION = YES;
				GCC_WARN_UNUSED_VARIABLE = YES;
				IPHONEOS_DEPLOYMENT_TARGET = 12.0;
				MTL_ENABLE_DEBUG_INFO = INCLUDE_SOURCE;
				MTL_FAST_MATH = YES;
				ONLY_ACTIVE_ARCH = YES;
				SDKROOT = iphoneos;
				SWIFT_ACTIVE_COMPILATION_CONDITIONS = DEBUG;
				SWIFT_OPTIMIZATION_LEVEL = "-Onone";
			};
			name = Debug;
		};
		B6DE1134211EDA7B0037C203 /* Release */ = {
			isa = XCBuildConfiguration;
			buildSettings = {
				ALWAYS_SEARCH_USER_PATHS = NO;
				CLANG_ANALYZER_NONNULL = YES;
				CLANG_ANALYZER_NUMBER_OBJECT_CONVERSION = YES_AGGRESSIVE;
				CLANG_CXX_LANGUAGE_STANDARD = "gnu++14";
				CLANG_CXX_LIBRARY = "libc++";
				CLANG_ENABLE_MODULES = YES;
				CLANG_ENABLE_OBJC_ARC = YES;
				CLANG_ENABLE_OBJC_WEAK = YES;
				CLANG_WARN_BLOCK_CAPTURE_AUTORELEASING = YES;
				CLANG_WARN_BOOL_CONVERSION = YES;
				CLANG_WARN_COMMA = YES;
				CLANG_WARN_CONSTANT_CONVERSION = YES;
				CLANG_WARN_DEPRECATED_OBJC_IMPLEMENTATIONS = YES;
				CLANG_WARN_DIRECT_OBJC_ISA_USAGE = YES_ERROR;
				CLANG_WARN_DOCUMENTATION_COMMENTS = YES;
				CLANG_WARN_EMPTY_BODY = YES;
				CLANG_WARN_ENUM_CONVERSION = YES;
				CLANG_WARN_INFINITE_RECURSION = YES;
				CLANG_WARN_INT_CONVERSION = YES;
				CLANG_WARN_NON_LITERAL_NULL_CONVERSION = YES;
				CLANG_WARN_OBJC_IMPLICIT_RETAIN_SELF = YES;
				CLANG_WARN_OBJC_LITERAL_CONVERSION = YES;
				CLANG_WARN_OBJC_ROOT_CLASS = YES_ERROR;
				CLANG_WARN_RANGE_LOOP_ANALYSIS = YES;
				CLANG_WARN_STRICT_PROTOTYPES = YES;
				CLANG_WARN_SUSPICIOUS_MOVE = YES;
				CLANG_WARN_UNGUARDED_AVAILABILITY = YES_AGGRESSIVE;
				CLANG_WARN_UNREACHABLE_CODE = YES;
				CLANG_WARN__DUPLICATE_METHOD_MATCH = YES;
				CODE_SIGN_IDENTITY = "iPhone Developer";
				COPY_PHASE_STRIP = NO;
				DEBUG_INFORMATION_FORMAT = "dwarf-with-dsym";
				ENABLE_NS_ASSERTIONS = NO;
				ENABLE_STRICT_OBJC_MSGSEND = YES;
				GCC_C_LANGUAGE_STANDARD = gnu11;
				GCC_NO_COMMON_BLOCKS = YES;
				GCC_WARN_64_TO_32_BIT_CONVERSION = YES;
				GCC_WARN_ABOUT_RETURN_TYPE = YES_ERROR;
				GCC_WARN_UNDECLARED_SELECTOR = YES;
				GCC_WARN_UNINITIALIZED_AUTOS = YES_AGGRESSIVE;
				GCC_WARN_UNUSED_FUNCTION = YES;
				GCC_WARN_UNUSED_VARIABLE = YES;
				IPHONEOS_DEPLOYMENT_TARGET = 12.0;
				MTL_ENABLE_DEBUG_INFO = NO;
				MTL_FAST_MATH = YES;
				SDKROOT = iphoneos;
				SWIFT_COMPILATION_MODE = wholemodule;
				SWIFT_OPTIMIZATION_LEVEL = "-O";
				VALIDATE_PRODUCT = YES;
			};
			name = Release;
		};
		B6DE1136211EDA7B0037C203 /* Debug */ = {
			isa = XCBuildConfiguration;
			baseConfigurationReference = 3A4003511B1CB25573826EF5 /* Pods-BFDRestaurant.debug.xcconfig */;
			buildSettings = {
				ASSETCATALOG_COMPILER_APPICON_NAME = AppIcon;
				CODE_SIGN_STYLE = Automatic;
				DEVELOPMENT_TEAM = L8HLZFC48L;
				INFOPLIST_FILE = BFDRestaurant/Info.plist;
				LD_RUNPATH_SEARCH_PATHS = (
					"$(inherited)",
					"@executable_path/Frameworks",
				);
				PRODUCT_BUNDLE_IDENTIFIER = Finn.BFDRestaurant;
				PRODUCT_NAME = "$(TARGET_NAME)";
				SWIFT_VERSION = 4.2;
				TARGETED_DEVICE_FAMILY = "1,2";
			};
			name = Debug;
		};
		B6DE1137211EDA7B0037C203 /* Release */ = {
			isa = XCBuildConfiguration;
			baseConfigurationReference = BE960FB5A5C2033900636A0D /* Pods-BFDRestaurant.release.xcconfig */;
			buildSettings = {
				ASSETCATALOG_COMPILER_APPICON_NAME = AppIcon;
				CODE_SIGN_STYLE = Automatic;
				DEVELOPMENT_TEAM = L8HLZFC48L;
				INFOPLIST_FILE = BFDRestaurant/Info.plist;
				LD_RUNPATH_SEARCH_PATHS = (
					"$(inherited)",
					"@executable_path/Frameworks",
				);
				PRODUCT_BUNDLE_IDENTIFIER = Finn.BFDRestaurant;
				PRODUCT_NAME = "$(TARGET_NAME)";
				SWIFT_VERSION = 4.2;
				TARGETED_DEVICE_FAMILY = "1,2";
			};
			name = Release;
		};
		B6DE1139211EDA7B0037C203 /* Debug */ = {
			isa = XCBuildConfiguration;
			baseConfigurationReference = AE83BBBD7A70DA3FF04FAD57 /* Pods-BFDRestaurantTests.debug.xcconfig */;
			buildSettings = {
				ALWAYS_EMBED_SWIFT_STANDARD_LIBRARIES = YES;
				BUNDLE_LOADER = "$(TEST_HOST)";
				CODE_SIGN_STYLE = Automatic;
				DEVELOPMENT_TEAM = L8HLZFC48L;
				INFOPLIST_FILE = BFDRestaurantTests/Info.plist;
				LD_RUNPATH_SEARCH_PATHS = (
					"$(inherited)",
					"@executable_path/Frameworks",
					"@loader_path/Frameworks",
				);
				PRODUCT_BUNDLE_IDENTIFIER = Finn.BFDRestaurantTests;
				PRODUCT_NAME = "$(TARGET_NAME)";
				SWIFT_VERSION = 4.2;
				TARGETED_DEVICE_FAMILY = "1,2";
				TEST_HOST = "$(BUILT_PRODUCTS_DIR)/BFDRestaurant.app/BFDRestaurant";
			};
			name = Debug;
		};
		B6DE113A211EDA7B0037C203 /* Release */ = {
			isa = XCBuildConfiguration;
			baseConfigurationReference = 256DDCEF1EFAC133E9543596 /* Pods-BFDRestaurantTests.release.xcconfig */;
			buildSettings = {
				ALWAYS_EMBED_SWIFT_STANDARD_LIBRARIES = YES;
				BUNDLE_LOADER = "$(TEST_HOST)";
				CODE_SIGN_STYLE = Automatic;
				DEVELOPMENT_TEAM = L8HLZFC48L;
				INFOPLIST_FILE = BFDRestaurantTests/Info.plist;
				LD_RUNPATH_SEARCH_PATHS = (
					"$(inherited)",
					"@executable_path/Frameworks",
					"@loader_path/Frameworks",
				);
				PRODUCT_BUNDLE_IDENTIFIER = Finn.BFDRestaurantTests;
				PRODUCT_NAME = "$(TARGET_NAME)";
				SWIFT_VERSION = 4.2;
				TARGETED_DEVICE_FAMILY = "1,2";
				TEST_HOST = "$(BUILT_PRODUCTS_DIR)/BFDRestaurant.app/BFDRestaurant";
			};
			name = Release;
		};
/* End XCBuildConfiguration section */

/* Begin XCConfigurationList section */
		B6DE1110211EDA7A0037C203 /* Build configuration list for PBXProject "BFDRestaurant" */ = {
			isa = XCConfigurationList;
			buildConfigurations = (
				B6DE1133211EDA7B0037C203 /* Debug */,
				B6DE1134211EDA7B0037C203 /* Release */,
			);
			defaultConfigurationIsVisible = 0;
			defaultConfigurationName = Release;
		};
		B6DE1135211EDA7B0037C203 /* Build configuration list for PBXNativeTarget "BFDRestaurant" */ = {
			isa = XCConfigurationList;
			buildConfigurations = (
				B6DE1136211EDA7B0037C203 /* Debug */,
				B6DE1137211EDA7B0037C203 /* Release */,
			);
			defaultConfigurationIsVisible = 0;
			defaultConfigurationName = Release;
		};
		B6DE1138211EDA7B0037C203 /* Build configuration list for PBXNativeTarget "BFDRestaurantTests" */ = {
			isa = XCConfigurationList;
			buildConfigurations = (
				B6DE1139211EDA7B0037C203 /* Debug */,
				B6DE113A211EDA7B0037C203 /* Release */,
			);
			defaultConfigurationIsVisible = 0;
			defaultConfigurationName = Release;
		};
/* End XCConfigurationList section */

/* Begin XCVersionGroup section */
		B6DE111F211EDA7A0037C203 /* BFDRestaurant.xcdatamodeld */ = {
			isa = XCVersionGroup;
			children = (
				B6DE1120211EDA7A0037C203 /* BFDRestaurant.xcdatamodel */,
			);
			currentVersion = B6DE1120211EDA7A0037C203 /* BFDRestaurant.xcdatamodel */;
			path = BFDRestaurant.xcdatamodeld;
			sourceTree = "<group>";
			versionGroupType = wrapper.xcdatamodel;
		};
/* End XCVersionGroup section */
	};
	rootObject = B6DE110D211EDA7A0037C203 /* Project object */;
}
